
Microsoft Visual Studio Solution File, Format Version 12.00
# Visual Studio Version 16
VisualStudioVersion = 16.0.30011.22
MinimumVisualStudioVersion = 10.0.40219.1
Project("{FAE04EC0-301F-11D3-BF4B-00C04F79EFBC}") = "3ona51_E2ETestProject", "3ona51_E2ETestProject.csproj", "{43426AC7-6BC9-44B3-A26E-6D0B26D1F2ED}"
EndProject
Global
	GlobalSection(SolutionConfigurationPlatforms) = preSolution
		Debug|Any CPU = Debug|Any CPU
		Release|Any CPU = Release|Any CPU
	EndGlobalSection
	GlobalSection(ProjectConfigurationPlatforms) = postSolution
		{43426AC7-6BC9-44B3-A26E-6D0B26D1F2ED}.Debug|Any CPU.ActiveCfg = Debug|Any CPU
		{43426AC7-6BC9-44B3-A26E-6D0B26D1F2ED}.Debug|Any CPU.Build.0 = Debug|Any CPU
		{43426AC7-6BC9-44B3-A26E-6D0B26D1F2ED}.Release|Any CPU.ActiveCfg = Release|Any CPU
		{43426AC7-6BC9-44B3-A26E-6D0B26D1F2ED}.Release|Any CPU.Build.0 = Release|Any CPU
	EndGlobalSection
	GlobalSection(SolutionProperties) = preSolution
		HideSolutionNode = FALSE
	EndGlobalSection
	GlobalSection(ExtensibilityGlobals) = postSolution
		SolutionGuid = {1CE8A7F5-492E-4AE4-B853-CCB25DE030CB}
	EndGlobalSection
EndGlobal
