
Microsoft Visual Studio Solution File, Format Version 12.00
# Visual Studio Version 16
VisualStudioVersion = 16.0.29926.136
MinimumVisualStudioVersion = 10.0.40219.1
Project("{FAE04EC0-301F-11D3-BF4B-00C04F79EFBC}") = "LabWork3", "LabWork3\LabWork3.csproj", "{BB15E83C-420E-436D-84C4-0AB95DEC58CB}"
EndProject
Global
	GlobalSection(SolutionConfigurationPlatforms) = preSolution
		Debug|Any CPU = Debug|Any CPU
		Release|Any CPU = Release|Any CPU
	EndGlobalSection
	GlobalSection(ProjectConfigurationPlatforms) = postSolution
		{BB15E83C-420E-436D-84C4-0AB95DEC58CB}.Debug|Any CPU.ActiveCfg = Debug|Any CPU
		{BB15E83C-420E-436D-84C4-0AB95DEC58CB}.Debug|Any CPU.Build.0 = Debug|Any CPU
		{BB15E83C-420E-436D-84C4-0AB95DEC58CB}.Release|Any CPU.ActiveCfg = Release|Any CPU
		{BB15E83C-420E-436D-84C4-0AB95DEC58CB}.Release|Any CPU.Build.0 = Release|Any CPU
	EndGlobalSection
	GlobalSection(SolutionProperties) = preSolution
		HideSolutionNode = FALSE
	EndGlobalSection
	GlobalSection(ExtensibilityGlobals) = postSolution
		SolutionGuid = {37E8B381-A764-4962-AC04-0A931357FCAF}
	EndGlobalSection
EndGlobal
