
Microsoft Visual Studio Solution File, Format Version 12.00
# Visual Studio Version 16
VisualStudioVersion = 16.0.29926.136
MinimumVisualStudioVersion = 10.0.40219.1
Project("{FAE04EC0-301F-11D3-BF4B-00C04F79EFBC}") = "LabWork1", "LabWork1\LabWork1.csproj", "{7FF57836-8006-457E-8746-C49241351E14}"
EndProject
Global
	GlobalSection(SolutionConfigurationPlatforms) = preSolution
		Debug|Any CPU = Debug|Any CPU
		Release|Any CPU = Release|Any CPU
	EndGlobalSection
	GlobalSection(ProjectConfigurationPlatforms) = postSolution
		{7FF57836-8006-457E-8746-C49241351E14}.Debug|Any CPU.ActiveCfg = Debug|Any CPU
		{7FF57836-8006-457E-8746-C49241351E14}.Debug|Any CPU.Build.0 = Debug|Any CPU
		{7FF57836-8006-457E-8746-C49241351E14}.Release|Any CPU.ActiveCfg = Release|Any CPU
		{7FF57836-8006-457E-8746-C49241351E14}.Release|Any CPU.Build.0 = Release|Any CPU
	EndGlobalSection
	GlobalSection(SolutionProperties) = preSolution
		HideSolutionNode = FALSE
	EndGlobalSection
	GlobalSection(ExtensibilityGlobals) = postSolution
		SolutionGuid = {64718848-D8DB-40B5-99BB-0D91199BB2BB}
	EndGlobalSection
EndGlobal
