
Microsoft Visual Studio Solution File, Format Version 12.00
# Visual Studio Version 16
VisualStudioVersion = 16.0.30114.105
MinimumVisualStudioVersion = 10.0.40219.1
Project("{FAE04EC0-301F-11D3-BF4B-00C04F79EFBC}") = "Dropbox.Api.Tests", "Dropbox.Api.Tests\Dropbox.Api.Tests.csproj", "{21255419-6AB4-4DD7-A389-7F4B6608E8C1}"
EndProject
Project("{FAE04EC0-301F-11D3-BF4B-00C04F79EFBC}") = "Dropbox.Api.Tests.Infrastructure", "Dropbox.Api.Tests.Infrastructure\Dropbox.Api.Tests.Infrastructure.csproj", "{2C773A9A-5647-4CC5-91A3-409F040B00BE}"
EndProject
Global
	GlobalSection(SolutionConfigurationPlatforms) = preSolution
		Debug|Any CPU = Debug|Any CPU
		Release|Any CPU = Release|Any CPU
	EndGlobalSection
	GlobalSection(ProjectConfigurationPlatforms) = postSolution
		{21255419-6AB4-4DD7-A389-7F4B6608E8C1}.Debug|Any CPU.ActiveCfg = Debug|Any CPU
		{21255419-6AB4-4DD7-A389-7F4B6608E8C1}.Debug|Any CPU.Build.0 = Debug|Any CPU
		{21255419-6AB4-4DD7-A389-7F4B6608E8C1}.Release|Any CPU.ActiveCfg = Release|Any CPU
		{21255419-6AB4-4DD7-A389-7F4B6608E8C1}.Release|Any CPU.Build.0 = Release|Any CPU
		{2C773A9A-5647-4CC5-91A3-409F040B00BE}.Debug|Any CPU.ActiveCfg = Debug|Any CPU
		{2C773A9A-5647-4CC5-91A3-409F040B00BE}.Debug|Any CPU.Build.0 = Debug|Any CPU
		{2C773A9A-5647-4CC5-91A3-409F040B00BE}.Release|Any CPU.ActiveCfg = Release|Any CPU
		{2C773A9A-5647-4CC5-91A3-409F040B00BE}.Release|Any CPU.Build.0 = Release|Any CPU
	EndGlobalSection
	GlobalSection(SolutionProperties) = preSolution
		HideSolutionNode = FALSE
	EndGlobalSection
	GlobalSection(ExtensibilityGlobals) = postSolution
		SolutionGuid = {BEEA47D6-7743-4EE2-BB20-BFC837792342}
	EndGlobalSection
EndGlobal
