
Microsoft Visual Studio Solution File, Format Version 12.00
Project("{FAE04EC0-301F-11D3-BF4B-00C04F79EFBC}") = "Lab1", "Lab1.csproj", "{F021366E-8F98-4A09-AD63-6579137367FD}"
EndProject
Global
	GlobalSection(SolutionConfigurationPlatforms) = preSolution
		Debug|Any CPU = Debug|Any CPU
		Release|Any CPU = Release|Any CPU
	EndGlobalSection
	GlobalSection(ProjectConfigurationPlatforms) = postSolution
		{F021366E-8F98-4A09-AD63-6579137367FD}.Debug|Any CPU.ActiveCfg = Debug|Any CPU
		{F021366E-8F98-4A09-AD63-6579137367FD}.Debug|Any CPU.Build.0 = Debug|Any CPU
		{F021366E-8F98-4A09-AD63-6579137367FD}.Release|Any CPU.ActiveCfg = Release|Any CPU
		{F021366E-8F98-4A09-AD63-6579137367FD}.Release|Any CPU.Build.0 = Release|Any CPU
	EndGlobalSection
EndGlobal
