
Microsoft Visual Studio Solution File, Format Version 12.00
# Visual Studio Version 16
VisualStudioVersion = 16.0.30114.105
MinimumVisualStudioVersion = 10.0.40219.1
Project("{FAE04EC0-301F-11D3-BF4B-00C04F79EFBC}") = "Lab1_BasicKnowledge", "Lab1_BasicKnowledge\Lab1_BasicKnowledge.csproj", "{3C2DE5EB-97CD-4C10-9D83-F406ED35E99E}"
EndProject
Project("{FAE04EC0-301F-11D3-BF4B-00C04F79EFBC}") = "Lab1Tests", "Lab1Tests\Lab1Tests.csproj", "{E3A07B59-9DC6-40BA-B9C4-BCF27687923C}"
EndProject
Global
	GlobalSection(SolutionConfigurationPlatforms) = preSolution
		Debug|Any CPU = Debug|Any CPU
		Release|Any CPU = Release|Any CPU
	EndGlobalSection
	GlobalSection(ProjectConfigurationPlatforms) = postSolution
		{3C2DE5EB-97CD-4C10-9D83-F406ED35E99E}.Debug|Any CPU.ActiveCfg = Debug|Any CPU
		{3C2DE5EB-97CD-4C10-9D83-F406ED35E99E}.Debug|Any CPU.Build.0 = Debug|Any CPU
		{3C2DE5EB-97CD-4C10-9D83-F406ED35E99E}.Release|Any CPU.ActiveCfg = Release|Any CPU
		{3C2DE5EB-97CD-4C10-9D83-F406ED35E99E}.Release|Any CPU.Build.0 = Release|Any CPU
		{E3A07B59-9DC6-40BA-B9C4-BCF27687923C}.Debug|Any CPU.ActiveCfg = Debug|Any CPU
		{E3A07B59-9DC6-40BA-B9C4-BCF27687923C}.Debug|Any CPU.Build.0 = Debug|Any CPU
		{E3A07B59-9DC6-40BA-B9C4-BCF27687923C}.Release|Any CPU.ActiveCfg = Release|Any CPU
		{E3A07B59-9DC6-40BA-B9C4-BCF27687923C}.Release|Any CPU.Build.0 = Release|Any CPU
	EndGlobalSection
	GlobalSection(SolutionProperties) = preSolution
		HideSolutionNode = FALSE
	EndGlobalSection
	GlobalSection(ExtensibilityGlobals) = postSolution
		SolutionGuid = {5514C8A7-8DF7-441F-B793-BD7D8AD9A716}
	EndGlobalSection
EndGlobal
