
Microsoft Visual Studio Solution File, Format Version 12.00
# Visual Studio 15
VisualStudioVersion = 15.0.28307.271
MinimumVisualStudioVersion = 10.0.40219.1
Project("{FAE04EC0-301F-11D3-BF4B-00C04F79EFBC}") = "SeleniumAutoTests", "SeleniumAutoTests\SeleniumAutoTests.csproj", "{C5743D9D-B764-4836-850E-2851AC1B33F3}"
EndProject
Global
	GlobalSection(SolutionConfigurationPlatforms) = preSolution
		Debug|Any CPU = Debug|Any CPU
		Release|Any CPU = Release|Any CPU
	EndGlobalSection
	GlobalSection(ProjectConfigurationPlatforms) = postSolution
		{C5743D9D-B764-4836-850E-2851AC1B33F3}.Debug|Any CPU.ActiveCfg = Debug|Any CPU
		{C5743D9D-B764-4836-850E-2851AC1B33F3}.Debug|Any CPU.Build.0 = Debug|Any CPU
		{C5743D9D-B764-4836-850E-2851AC1B33F3}.Release|Any CPU.ActiveCfg = Release|Any CPU
		{C5743D9D-B764-4836-850E-2851AC1B33F3}.Release|Any CPU.Build.0 = Release|Any CPU
	EndGlobalSection
	GlobalSection(SolutionProperties) = preSolution
		HideSolutionNode = FALSE
	EndGlobalSection
	GlobalSection(ExtensibilityGlobals) = postSolution
		SolutionGuid = {92369838-E40B-4F17-8CA0-F35F9164AF5C}
	EndGlobalSection
EndGlobal
