
Microsoft Visual Studio Solution File, Format Version 12.00
# Visual Studio Version 16
VisualStudioVersion = 16.0.29920.165
MinimumVisualStudioVersion = 10.0.40219.1
Project("{FAE04EC0-301F-11D3-BF4B-00C04F79EFBC}") = "Dropbox.Api.Tests", "Dropbox.Api.Tests\Dropbox.Api.Tests.csproj", "{FB3BBDE3-91BC-461F-93C0-FE0A4EAE11FA}"
EndProject
Project("{FAE04EC0-301F-11D3-BF4B-00C04F79EFBC}") = "Aropbox.Api.Tests.Infrastructure", "Aropbox.Api.Tests.Infrastructure\Aropbox.Api.Tests.Infrastructure.csproj", "{ECBDD82F-D22F-4D48-9C43-E7D39A28FFFD}"
EndProject
Global
	GlobalSection(SolutionConfigurationPlatforms) = preSolution
		Debug|Any CPU = Debug|Any CPU
		Release|Any CPU = Release|Any CPU
	EndGlobalSection
	GlobalSection(ProjectConfigurationPlatforms) = postSolution
		{FB3BBDE3-91BC-461F-93C0-FE0A4EAE11FA}.Debug|Any CPU.ActiveCfg = Debug|Any CPU
		{FB3BBDE3-91BC-461F-93C0-FE0A4EAE11FA}.Debug|Any CPU.Build.0 = Debug|Any CPU
		{FB3BBDE3-91BC-461F-93C0-FE0A4EAE11FA}.Release|Any CPU.ActiveCfg = Release|Any CPU
		{FB3BBDE3-91BC-461F-93C0-FE0A4EAE11FA}.Release|Any CPU.Build.0 = Release|Any CPU
		{ECBDD82F-D22F-4D48-9C43-E7D39A28FFFD}.Debug|Any CPU.ActiveCfg = Debug|Any CPU
		{ECBDD82F-D22F-4D48-9C43-E7D39A28FFFD}.Debug|Any CPU.Build.0 = Debug|Any CPU
		{ECBDD82F-D22F-4D48-9C43-E7D39A28FFFD}.Release|Any CPU.ActiveCfg = Release|Any CPU
		{ECBDD82F-D22F-4D48-9C43-E7D39A28FFFD}.Release|Any CPU.Build.0 = Release|Any CPU
	EndGlobalSection
	GlobalSection(SolutionProperties) = preSolution
		HideSolutionNode = FALSE
	EndGlobalSection
	GlobalSection(ExtensibilityGlobals) = postSolution
		SolutionGuid = {AAF72BFC-A54E-4C6D-BFB6-3881831C9E69}
	EndGlobalSection
EndGlobal
