
Microsoft Visual Studio Solution File, Format Version 12.00
# Visual Studio Version 16
VisualStudioVersion = 16.0.28922.388
MinimumVisualStudioVersion = 10.0.40219.1
Project("{FAE04EC0-301F-11D3-BF4B-00C04F79EFBC}") = "ilMolinoTest", "ilMolinoTest\ilMolinoTest.csproj", "{A49E0C3F-1B23-4389-941E-76BD58663D37}"
EndProject
Global
	GlobalSection(SolutionConfigurationPlatforms) = preSolution
		Debug|Any CPU = Debug|Any CPU
		Release|Any CPU = Release|Any CPU
	EndGlobalSection
	GlobalSection(ProjectConfigurationPlatforms) = postSolution
		{A49E0C3F-1B23-4389-941E-76BD58663D37}.Debug|Any CPU.ActiveCfg = Debug|Any CPU
		{A49E0C3F-1B23-4389-941E-76BD58663D37}.Debug|Any CPU.Build.0 = Debug|Any CPU
		{A49E0C3F-1B23-4389-941E-76BD58663D37}.Release|Any CPU.ActiveCfg = Release|Any CPU
		{A49E0C3F-1B23-4389-941E-76BD58663D37}.Release|Any CPU.Build.0 = Release|Any CPU
	EndGlobalSection
	GlobalSection(SolutionProperties) = preSolution
		HideSolutionNode = FALSE
	EndGlobalSection
	GlobalSection(ExtensibilityGlobals) = postSolution
		SolutionGuid = {23DC1419-6D2F-4999-A237-59CCEBDB5A97}
	EndGlobalSection
EndGlobal
