
Microsoft Visual Studio Solution File, Format Version 12.00
# Visual Studio Version 16
VisualStudioVersion = 16.0.28922.388
MinimumVisualStudioVersion = 10.0.40219.1
Project("{FAE04EC0-301F-11D3-BF4B-00C04F79EFBC}") = "Dropbox.Api.Tests.Infrastructure", "TestDropboxApi\Dropbox.Api.Tests.Infrastructure.csproj", "{4BD6E5F9-2F49-4160-88B6-4F5588B72F0B}"
EndProject
Project("{FAE04EC0-301F-11D3-BF4B-00C04F79EFBC}") = "Test", "Test\Test.csproj", "{84F256C9-6EC8-4FA8-84BB-7063DC15FDCA}"
EndProject
Global
	GlobalSection(SolutionConfigurationPlatforms) = preSolution
		Debug|Any CPU = Debug|Any CPU
		Release|Any CPU = Release|Any CPU
	EndGlobalSection
	GlobalSection(ProjectConfigurationPlatforms) = postSolution
		{4BD6E5F9-2F49-4160-88B6-4F5588B72F0B}.Debug|Any CPU.ActiveCfg = Debug|Any CPU
		{4BD6E5F9-2F49-4160-88B6-4F5588B72F0B}.Debug|Any CPU.Build.0 = Debug|Any CPU
		{4BD6E5F9-2F49-4160-88B6-4F5588B72F0B}.Release|Any CPU.ActiveCfg = Release|Any CPU
		{4BD6E5F9-2F49-4160-88B6-4F5588B72F0B}.Release|Any CPU.Build.0 = Release|Any CPU
		{84F256C9-6EC8-4FA8-84BB-7063DC15FDCA}.Debug|Any CPU.ActiveCfg = Debug|Any CPU
		{84F256C9-6EC8-4FA8-84BB-7063DC15FDCA}.Debug|Any CPU.Build.0 = Debug|Any CPU
		{84F256C9-6EC8-4FA8-84BB-7063DC15FDCA}.Release|Any CPU.ActiveCfg = Release|Any CPU
		{84F256C9-6EC8-4FA8-84BB-7063DC15FDCA}.Release|Any CPU.Build.0 = Release|Any CPU
	EndGlobalSection
	GlobalSection(SolutionProperties) = preSolution
		HideSolutionNode = FALSE
	EndGlobalSection
	GlobalSection(ExtensibilityGlobals) = postSolution
		SolutionGuid = {72F8A40E-02D0-488C-B3AD-22DB7F2FE474}
	EndGlobalSection
EndGlobal
