
Microsoft Visual Studio Solution File, Format Version 12.00
# Visual Studio Version 16
VisualStudioVersion = 16.0.29926.136
MinimumVisualStudioVersion = 10.0.40219.1
Project("{FAE04EC0-301F-11D3-BF4B-00C04F79EFBC}") = "LabWork2", "LabWork2\LabWork2.csproj", "{45D98AC6-75FB-4B8A-90E9-C4507CC18E99}"
EndProject
Global
	GlobalSection(SolutionConfigurationPlatforms) = preSolution
		Debug|Any CPU = Debug|Any CPU
		Release|Any CPU = Release|Any CPU
	EndGlobalSection
	GlobalSection(ProjectConfigurationPlatforms) = postSolution
		{45D98AC6-75FB-4B8A-90E9-C4507CC18E99}.Debug|Any CPU.ActiveCfg = Debug|Any CPU
		{45D98AC6-75FB-4B8A-90E9-C4507CC18E99}.Debug|Any CPU.Build.0 = Debug|Any CPU
		{45D98AC6-75FB-4B8A-90E9-C4507CC18E99}.Release|Any CPU.ActiveCfg = Release|Any CPU
		{45D98AC6-75FB-4B8A-90E9-C4507CC18E99}.Release|Any CPU.Build.0 = Release|Any CPU
	EndGlobalSection
	GlobalSection(SolutionProperties) = preSolution
		HideSolutionNode = FALSE
	EndGlobalSection
	GlobalSection(ExtensibilityGlobals) = postSolution
		SolutionGuid = {9E470AD0-AB6B-43CA-A5F8-04E0FE4EA2AA}
	EndGlobalSection
EndGlobal
