
Microsoft Visual Studio Solution File, Format Version 12.00
Project("{FAE04EC0-301F-11D3-BF4B-00C04F79EFBC}") = "TestProjectSelenium", "TestProjectSelenium\TestProjectSelenium.csproj", "{02BA74B4-AD96-42A4-A916-8DE475861272}"
EndProject
Global
	GlobalSection(SolutionConfigurationPlatforms) = preSolution
		Debug|Any CPU = Debug|Any CPU
		Release|Any CPU = Release|Any CPU
	EndGlobalSection
	GlobalSection(ProjectConfigurationPlatforms) = postSolution
		{02BA74B4-AD96-42A4-A916-8DE475861272}.Debug|Any CPU.ActiveCfg = Debug|Any CPU
		{02BA74B4-AD96-42A4-A916-8DE475861272}.Debug|Any CPU.Build.0 = Debug|Any CPU
		{02BA74B4-AD96-42A4-A916-8DE475861272}.Release|Any CPU.ActiveCfg = Release|Any CPU
		{02BA74B4-AD96-42A4-A916-8DE475861272}.Release|Any CPU.Build.0 = Release|Any CPU
	EndGlobalSection
EndGlobal
