
Microsoft Visual Studio Solution File, Format Version 12.00
# Visual Studio Version 16
VisualStudioVersion = 16.0.29920.165
MinimumVisualStudioVersion = 10.0.40219.1
Project("{FAE04EC0-301F-11D3-BF4B-00C04F79EFBC}") = "Lab1", "Lab1\Lab1.csproj", "{D7BAA57B-C4D9-465A-AAD5-B66AF8440E62}"
EndProject
Global
	GlobalSection(SolutionConfigurationPlatforms) = preSolution
		Debug|Any CPU = Debug|Any CPU
		Release|Any CPU = Release|Any CPU
	EndGlobalSection
	GlobalSection(ProjectConfigurationPlatforms) = postSolution
		{D7BAA57B-C4D9-465A-AAD5-B66AF8440E62}.Debug|Any CPU.ActiveCfg = Debug|Any CPU
		{D7BAA57B-C4D9-465A-AAD5-B66AF8440E62}.Debug|Any CPU.Build.0 = Debug|Any CPU
		{D7BAA57B-C4D9-465A-AAD5-B66AF8440E62}.Release|Any CPU.ActiveCfg = Release|Any CPU
		{D7BAA57B-C4D9-465A-AAD5-B66AF8440E62}.Release|Any CPU.Build.0 = Release|Any CPU
	EndGlobalSection
	GlobalSection(SolutionProperties) = preSolution
		HideSolutionNode = FALSE
	EndGlobalSection
	GlobalSection(ExtensibilityGlobals) = postSolution
		SolutionGuid = {C84E3BFC-4581-4235-8E91-082D373BB6E7}
	EndGlobalSection
EndGlobal
