
Microsoft Visual Studio Solution File, Format Version 12.00
# Visual Studio Version 16
VisualStudioVersion = 16.0.29920.165
MinimumVisualStudioVersion = 10.0.40219.1
Project("{FAE04EC0-301F-11D3-BF4B-00C04F79EFBC}") = "Lab1", "Lab1.csproj", "{A12193D0-58EF-46C4-AA53-A3430ACA5F53}"
EndProject
Project("{FAE04EC0-301F-11D3-BF4B-00C04F79EFBC}") = "NUnitTestLab1", "..\NUnitTestLab1\NUnitTestLab1.csproj", "{511BBED5-C1C1-40C6-8EBA-1574FC1EEF6D}"
EndProject
Global
	GlobalSection(SolutionConfigurationPlatforms) = preSolution
		Debug|Any CPU = Debug|Any CPU
		Release|Any CPU = Release|Any CPU
	EndGlobalSection
	GlobalSection(ProjectConfigurationPlatforms) = postSolution
		{A12193D0-58EF-46C4-AA53-A3430ACA5F53}.Debug|Any CPU.ActiveCfg = Debug|Any CPU
		{A12193D0-58EF-46C4-AA53-A3430ACA5F53}.Debug|Any CPU.Build.0 = Debug|Any CPU
		{A12193D0-58EF-46C4-AA53-A3430ACA5F53}.Release|Any CPU.ActiveCfg = Release|Any CPU
		{A12193D0-58EF-46C4-AA53-A3430ACA5F53}.Release|Any CPU.Build.0 = Release|Any CPU
		{511BBED5-C1C1-40C6-8EBA-1574FC1EEF6D}.Debug|Any CPU.ActiveCfg = Debug|Any CPU
		{511BBED5-C1C1-40C6-8EBA-1574FC1EEF6D}.Debug|Any CPU.Build.0 = Debug|Any CPU
		{511BBED5-C1C1-40C6-8EBA-1574FC1EEF6D}.Release|Any CPU.ActiveCfg = Release|Any CPU
		{511BBED5-C1C1-40C6-8EBA-1574FC1EEF6D}.Release|Any CPU.Build.0 = Release|Any CPU
	EndGlobalSection
	GlobalSection(SolutionProperties) = preSolution
		HideSolutionNode = FALSE
	EndGlobalSection
	GlobalSection(ExtensibilityGlobals) = postSolution
		SolutionGuid = {A45569B0-C5D8-4467-982D-AED59F1FB773}
	EndGlobalSection
EndGlobal
