
Microsoft Visual Studio Solution File, Format Version 12.00
# Visual Studio Version 16
VisualStudioVersion = 16.0.29920.165
MinimumVisualStudioVersion = 10.0.40219.1
Project("{FAE04EC0-301F-11D3-BF4B-00C04F79EFBC}") = "Lab2_PageObject", "Lab2_PageObject\Lab2_PageObject.csproj", "{1A275604-4B8D-48EC-B38C-21A883BFE6D1}"
EndProject
Global
	GlobalSection(SolutionConfigurationPlatforms) = preSolution
		Debug|Any CPU = Debug|Any CPU
		Release|Any CPU = Release|Any CPU
	EndGlobalSection
	GlobalSection(ProjectConfigurationPlatforms) = postSolution
		{1A275604-4B8D-48EC-B38C-21A883BFE6D1}.Debug|Any CPU.ActiveCfg = Debug|Any CPU
		{1A275604-4B8D-48EC-B38C-21A883BFE6D1}.Debug|Any CPU.Build.0 = Debug|Any CPU
		{1A275604-4B8D-48EC-B38C-21A883BFE6D1}.Release|Any CPU.ActiveCfg = Release|Any CPU
		{1A275604-4B8D-48EC-B38C-21A883BFE6D1}.Release|Any CPU.Build.0 = Release|Any CPU
	EndGlobalSection
	GlobalSection(SolutionProperties) = preSolution
		HideSolutionNode = FALSE
	EndGlobalSection
	GlobalSection(ExtensibilityGlobals) = postSolution
		SolutionGuid = {C69FB5A8-F944-4F9B-8966-0C17CCA7B00C}
	EndGlobalSection
EndGlobal
