
Microsoft Visual Studio Solution File, Format Version 12.00
# Visual Studio 15
VisualStudioVersion = 15.0.28307.757
MinimumVisualStudioVersion = 10.0.40219.1
Project("{FAE04EC0-301F-11D3-BF4B-00C04F79EFBC}") = "Lab_1", "Lab_1\Lab_1.csproj", "{BDB012A7-7D47-4482-BF28-6E1541909224}"
EndProject
Global
	GlobalSection(SolutionConfigurationPlatforms) = preSolution
		Debug|Any CPU = Debug|Any CPU
		Release|Any CPU = Release|Any CPU
	EndGlobalSection
	GlobalSection(ProjectConfigurationPlatforms) = postSolution
		{BDB012A7-7D47-4482-BF28-6E1541909224}.Debug|Any CPU.ActiveCfg = Debug|Any CPU
		{BDB012A7-7D47-4482-BF28-6E1541909224}.Debug|Any CPU.Build.0 = Debug|Any CPU
		{BDB012A7-7D47-4482-BF28-6E1541909224}.Release|Any CPU.ActiveCfg = Release|Any CPU
		{BDB012A7-7D47-4482-BF28-6E1541909224}.Release|Any CPU.Build.0 = Release|Any CPU
	EndGlobalSection
	GlobalSection(SolutionProperties) = preSolution
		HideSolutionNode = FALSE
	EndGlobalSection
	GlobalSection(ExtensibilityGlobals) = postSolution
		SolutionGuid = {89CA347B-09D6-4997-ACB3-A7DC262355CC}
	EndGlobalSection
EndGlobal
