
Microsoft Visual Studio Solution File, Format Version 12.00
# Visual Studio Version 16
VisualStudioVersion = 16.0.29920.165
MinimumVisualStudioVersion = 10.0.40219.1
Project("{FAE04EC0-301F-11D3-BF4B-00C04F79EFBC}") = "Lab_1", "Lab_1.csproj", "{816CBFCE-B75A-4BD1-8162-E686D0136349}"
EndProject
Global
	GlobalSection(SolutionConfigurationPlatforms) = preSolution
		Debug|Any CPU = Debug|Any CPU
		Release|Any CPU = Release|Any CPU
	EndGlobalSection
	GlobalSection(ProjectConfigurationPlatforms) = postSolution
		{816CBFCE-B75A-4BD1-8162-E686D0136349}.Debug|Any CPU.ActiveCfg = Debug|Any CPU
		{816CBFCE-B75A-4BD1-8162-E686D0136349}.Debug|Any CPU.Build.0 = Debug|Any CPU
		{816CBFCE-B75A-4BD1-8162-E686D0136349}.Release|Any CPU.ActiveCfg = Release|Any CPU
		{816CBFCE-B75A-4BD1-8162-E686D0136349}.Release|Any CPU.Build.0 = Release|Any CPU
	EndGlobalSection
	GlobalSection(SolutionProperties) = preSolution
		HideSolutionNode = FALSE
	EndGlobalSection
	GlobalSection(ExtensibilityGlobals) = postSolution
		SolutionGuid = {D1DCAC7C-295F-48C8-B11C-D870005979F2}
	EndGlobalSection
EndGlobal
