
Microsoft Visual Studio Solution File, Format Version 12.00
# Visual Studio Version 16
VisualStudioVersion = 16.0.28922.388
MinimumVisualStudioVersion = 10.0.40219.1
Project("{FAE04EC0-301F-11D3-BF4B-00C04F79EFBC}") = "TwoLinkedList", "TwoLinkedList\TwoLinkedList.csproj", "{341B00D4-D970-4065-AC3B-2AB78E075D9A}"
EndProject
Global
	GlobalSection(SolutionConfigurationPlatforms) = preSolution
		Debug|Any CPU = Debug|Any CPU
		Release|Any CPU = Release|Any CPU
	EndGlobalSection
	GlobalSection(ProjectConfigurationPlatforms) = postSolution
		{341B00D4-D970-4065-AC3B-2AB78E075D9A}.Debug|Any CPU.ActiveCfg = Debug|Any CPU
		{341B00D4-D970-4065-AC3B-2AB78E075D9A}.Debug|Any CPU.Build.0 = Debug|Any CPU
		{341B00D4-D970-4065-AC3B-2AB78E075D9A}.Release|Any CPU.ActiveCfg = Release|Any CPU
		{341B00D4-D970-4065-AC3B-2AB78E075D9A}.Release|Any CPU.Build.0 = Release|Any CPU
	EndGlobalSection
	GlobalSection(SolutionProperties) = preSolution
		HideSolutionNode = FALSE
	EndGlobalSection
	GlobalSection(ExtensibilityGlobals) = postSolution
		SolutionGuid = {4F03F600-4639-4B8D-A25D-365FF9CF0A15}
	EndGlobalSection
EndGlobal
