
Microsoft Visual Studio Solution File, Format Version 12.00
# Visual Studio 15
VisualStudioVersion = 15.0.28307.1082
MinimumVisualStudioVersion = 10.0.40219.1
Project("{FAE04EC0-301F-11D3-BF4B-00C04F79EFBC}") = "Lab2", "Lab2\Lab2.csproj", "{C02B9FC9-8C7B-4B3F-BF48-5860D1279152}"
EndProject
Global
	GlobalSection(SolutionConfigurationPlatforms) = preSolution
		Debug|Any CPU = Debug|Any CPU
		Release|Any CPU = Release|Any CPU
	EndGlobalSection
	GlobalSection(ProjectConfigurationPlatforms) = postSolution
		{C02B9FC9-8C7B-4B3F-BF48-5860D1279152}.Debug|Any CPU.ActiveCfg = Debug|Any CPU
		{C02B9FC9-8C7B-4B3F-BF48-5860D1279152}.Debug|Any CPU.Build.0 = Debug|Any CPU
		{C02B9FC9-8C7B-4B3F-BF48-5860D1279152}.Release|Any CPU.ActiveCfg = Release|Any CPU
		{C02B9FC9-8C7B-4B3F-BF48-5860D1279152}.Release|Any CPU.Build.0 = Release|Any CPU
	EndGlobalSection
	GlobalSection(SolutionProperties) = preSolution
		HideSolutionNode = FALSE
	EndGlobalSection
	GlobalSection(ExtensibilityGlobals) = postSolution
		SolutionGuid = {55D33F97-BBD2-46E2-8A04-F892E02E1595}
	EndGlobalSection
EndGlobal
