
Microsoft Visual Studio Solution File, Format Version 12.00
# Visual Studio Version 16
VisualStudioVersion = 16.0.30002.166
MinimumVisualStudioVersion = 10.0.40219.1
Project("{FAE04EC0-301F-11D3-BF4B-00C04F79EFBC}") = "lab2", "lab2\lab2.csproj", "{AA361A24-A53E-4B7D-921E-C422A4C32AC0}"
EndProject
Global
	GlobalSection(SolutionConfigurationPlatforms) = preSolution
		Debug|Any CPU = Debug|Any CPU
		Release|Any CPU = Release|Any CPU
	EndGlobalSection
	GlobalSection(ProjectConfigurationPlatforms) = postSolution
		{AA361A24-A53E-4B7D-921E-C422A4C32AC0}.Debug|Any CPU.ActiveCfg = Debug|Any CPU
		{AA361A24-A53E-4B7D-921E-C422A4C32AC0}.Debug|Any CPU.Build.0 = Debug|Any CPU
		{AA361A24-A53E-4B7D-921E-C422A4C32AC0}.Release|Any CPU.ActiveCfg = Release|Any CPU
		{AA361A24-A53E-4B7D-921E-C422A4C32AC0}.Release|Any CPU.Build.0 = Release|Any CPU
	EndGlobalSection
	GlobalSection(SolutionProperties) = preSolution
		HideSolutionNode = FALSE
	EndGlobalSection
	GlobalSection(ExtensibilityGlobals) = postSolution
		SolutionGuid = {3A99889A-78AC-41F1-A75E-ECBF693647AC}
	EndGlobalSection
EndGlobal
