
Microsoft Visual Studio Solution File, Format Version 12.00
# Visual Studio Version 16
VisualStudioVersion = 16.0.30002.166
MinimumVisualStudioVersion = 10.0.40219.1
Project("{FAE04EC0-301F-11D3-BF4B-00C04F79EFBC}") = "lab2", "lab2\lab2.csproj", "{7854BB1F-65C5-43FE-A7DC-1535577B66CA}"
EndProject
Global
	GlobalSection(SolutionConfigurationPlatforms) = preSolution
		Debug|Any CPU = Debug|Any CPU
		Release|Any CPU = Release|Any CPU
	EndGlobalSection
	GlobalSection(ProjectConfigurationPlatforms) = postSolution
		{7854BB1F-65C5-43FE-A7DC-1535577B66CA}.Debug|Any CPU.ActiveCfg = Debug|Any CPU
		{7854BB1F-65C5-43FE-A7DC-1535577B66CA}.Debug|Any CPU.Build.0 = Debug|Any CPU
		{7854BB1F-65C5-43FE-A7DC-1535577B66CA}.Release|Any CPU.ActiveCfg = Release|Any CPU
		{7854BB1F-65C5-43FE-A7DC-1535577B66CA}.Release|Any CPU.Build.0 = Release|Any CPU
	EndGlobalSection
	GlobalSection(SolutionProperties) = preSolution
		HideSolutionNode = FALSE
	EndGlobalSection
	GlobalSection(ExtensibilityGlobals) = postSolution
		SolutionGuid = {3073B5AD-19B7-4DC6-8B7D-74BD7A81F629}
	EndGlobalSection
EndGlobal
