
Microsoft Visual Studio Solution File, Format Version 12.00
# Visual Studio Version 16
VisualStudioVersion = 16.0.30011.22
MinimumVisualStudioVersion = 10.0.40219.1
Project("{FAE04EC0-301F-11D3-BF4B-00C04F79EFBC}") = "Dropbox.API.Test", "Dropbox.API.Test\Dropbox.API.Test.csproj", "{483D697F-D98B-4B14-BA5F-DE48D6906C72}"
EndProject
Project("{FAE04EC0-301F-11D3-BF4B-00C04F79EFBC}") = "Dropbox.API.Test.Infrastructure", "Dropbox.API.Test.Infrastructure\Dropbox.API.Test.Infrastructure.csproj", "{DA737C0C-8616-4A21-9DF9-234191F2DE17}"
EndProject
Global
	GlobalSection(SolutionConfigurationPlatforms) = preSolution
		Debug|Any CPU = Debug|Any CPU
		Release|Any CPU = Release|Any CPU
	EndGlobalSection
	GlobalSection(ProjectConfigurationPlatforms) = postSolution
		{483D697F-D98B-4B14-BA5F-DE48D6906C72}.Debug|Any CPU.ActiveCfg = Debug|Any CPU
		{483D697F-D98B-4B14-BA5F-DE48D6906C72}.Debug|Any CPU.Build.0 = Debug|Any CPU
		{483D697F-D98B-4B14-BA5F-DE48D6906C72}.Release|Any CPU.ActiveCfg = Release|Any CPU
		{483D697F-D98B-4B14-BA5F-DE48D6906C72}.Release|Any CPU.Build.0 = Release|Any CPU
		{DA737C0C-8616-4A21-9DF9-234191F2DE17}.Debug|Any CPU.ActiveCfg = Debug|Any CPU
		{DA737C0C-8616-4A21-9DF9-234191F2DE17}.Debug|Any CPU.Build.0 = Debug|Any CPU
		{DA737C0C-8616-4A21-9DF9-234191F2DE17}.Release|Any CPU.ActiveCfg = Release|Any CPU
		{DA737C0C-8616-4A21-9DF9-234191F2DE17}.Release|Any CPU.Build.0 = Release|Any CPU
	EndGlobalSection
	GlobalSection(SolutionProperties) = preSolution
		HideSolutionNode = FALSE
	EndGlobalSection
	GlobalSection(ExtensibilityGlobals) = postSolution
		SolutionGuid = {CB385807-BC1B-4277-8EDF-5B716A162759}
	EndGlobalSection
EndGlobal
