
Microsoft Visual Studio Solution File, Format Version 12.00
# Visual Studio 15
VisualStudioVersion = 15.0.28307.1082
MinimumVisualStudioVersion = 10.0.40219.1
Project("{FAE04EC0-301F-11D3-BF4B-00C04F79EFBC}") = "LABA2", "LABA2\LABA2.csproj", "{88DA5431-7540-42AF-9995-57812F1489A6}"
EndProject
Global
	GlobalSection(SolutionConfigurationPlatforms) = preSolution
		Debug|Any CPU = Debug|Any CPU
		Release|Any CPU = Release|Any CPU
	EndGlobalSection
	GlobalSection(ProjectConfigurationPlatforms) = postSolution
		{88DA5431-7540-42AF-9995-57812F1489A6}.Debug|Any CPU.ActiveCfg = Debug|Any CPU
		{88DA5431-7540-42AF-9995-57812F1489A6}.Debug|Any CPU.Build.0 = Debug|Any CPU
		{88DA5431-7540-42AF-9995-57812F1489A6}.Release|Any CPU.ActiveCfg = Release|Any CPU
		{88DA5431-7540-42AF-9995-57812F1489A6}.Release|Any CPU.Build.0 = Release|Any CPU
	EndGlobalSection
	GlobalSection(SolutionProperties) = preSolution
		HideSolutionNode = FALSE
	EndGlobalSection
	GlobalSection(ExtensibilityGlobals) = postSolution
		SolutionGuid = {FB42D379-4872-4C0F-BDD6-662048AAEFA2}
	EndGlobalSection
EndGlobal
