
Microsoft Visual Studio Solution File, Format Version 12.00
# Visual Studio Version 16
VisualStudioVersion = 16.0.30002.166
MinimumVisualStudioVersion = 10.0.40219.1
Project("{FAE04EC0-301F-11D3-BF4B-00C04F79EFBC}") = "WebDriverHomework", "WebDriverHomework\WebDriverHomework.csproj", "{88334641-27EB-4E11-B161-2ADB582A0E7A}"
EndProject
Global
	GlobalSection(SolutionConfigurationPlatforms) = preSolution
		Debug|Any CPU = Debug|Any CPU
		Release|Any CPU = Release|Any CPU
	EndGlobalSection
	GlobalSection(ProjectConfigurationPlatforms) = postSolution
		{88334641-27EB-4E11-B161-2ADB582A0E7A}.Debug|Any CPU.ActiveCfg = Debug|Any CPU
		{88334641-27EB-4E11-B161-2ADB582A0E7A}.Debug|Any CPU.Build.0 = Debug|Any CPU
		{88334641-27EB-4E11-B161-2ADB582A0E7A}.Release|Any CPU.ActiveCfg = Release|Any CPU
		{88334641-27EB-4E11-B161-2ADB582A0E7A}.Release|Any CPU.Build.0 = Release|Any CPU
	EndGlobalSection
	GlobalSection(SolutionProperties) = preSolution
		HideSolutionNode = FALSE
	EndGlobalSection
	GlobalSection(ExtensibilityGlobals) = postSolution
		SolutionGuid = {C6EC4DA3-4586-4396-BE5D-2F7EA6EFF453}
	EndGlobalSection
EndGlobal
