
Microsoft Visual Studio Solution File, Format Version 12.00
# Visual Studio Version 16
VisualStudioVersion = 16.0.29920.165
MinimumVisualStudioVersion = 10.0.40219.1
Project("{FAE04EC0-301F-11D3-BF4B-00C04F79EFBC}") = "Lab3", "Lab3\Lab3.csproj", "{7D9FC1C0-D697-4CF3-9081-3DFCC757716C}"
EndProject
Global
	GlobalSection(SolutionConfigurationPlatforms) = preSolution
		Debug|Any CPU = Debug|Any CPU
		Release|Any CPU = Release|Any CPU
	EndGlobalSection
	GlobalSection(ProjectConfigurationPlatforms) = postSolution
		{7D9FC1C0-D697-4CF3-9081-3DFCC757716C}.Debug|Any CPU.ActiveCfg = Debug|Any CPU
		{7D9FC1C0-D697-4CF3-9081-3DFCC757716C}.Debug|Any CPU.Build.0 = Debug|Any CPU
		{7D9FC1C0-D697-4CF3-9081-3DFCC757716C}.Release|Any CPU.ActiveCfg = Release|Any CPU
		{7D9FC1C0-D697-4CF3-9081-3DFCC757716C}.Release|Any CPU.Build.0 = Release|Any CPU
	EndGlobalSection
	GlobalSection(SolutionProperties) = preSolution
		HideSolutionNode = FALSE
	EndGlobalSection
	GlobalSection(ExtensibilityGlobals) = postSolution
		SolutionGuid = {799DBB2E-39E4-4242-8C5C-08F9A34093DC}
	EndGlobalSection
EndGlobal
