
Microsoft Visual Studio Solution File, Format Version 12.00
# Visual Studio 15
VisualStudioVersion = 15.0.28307.421
MinimumVisualStudioVersion = 10.0.40219.1
Project("{FAE04EC0-301F-11D3-BF4B-00C04F79EFBC}") = "Selenium", "Selenium\Selenium.csproj", "{BBAB77CF-0835-4708-A578-0C7FC6F8BD6A}"
EndProject
Global
	GlobalSection(SolutionConfigurationPlatforms) = preSolution
		Debug|Any CPU = Debug|Any CPU
		Release|Any CPU = Release|Any CPU
	EndGlobalSection
	GlobalSection(ProjectConfigurationPlatforms) = postSolution
		{BBAB77CF-0835-4708-A578-0C7FC6F8BD6A}.Debug|Any CPU.ActiveCfg = Debug|Any CPU
		{BBAB77CF-0835-4708-A578-0C7FC6F8BD6A}.Debug|Any CPU.Build.0 = Debug|Any CPU
		{BBAB77CF-0835-4708-A578-0C7FC6F8BD6A}.Release|Any CPU.ActiveCfg = Release|Any CPU
		{BBAB77CF-0835-4708-A578-0C7FC6F8BD6A}.Release|Any CPU.Build.0 = Release|Any CPU
	EndGlobalSection
	GlobalSection(SolutionProperties) = preSolution
		HideSolutionNode = FALSE
	EndGlobalSection
	GlobalSection(ExtensibilityGlobals) = postSolution
		SolutionGuid = {C2F9F925-5731-478F-B98F-D6C4D8DB38B2}
	EndGlobalSection
EndGlobal
